<?xml version="1.0" encoding="utf-8"?>
<Project ToolsVersion="4.0" xmlns="http://schemas.microsoft.com/developer/msbuild/2003">
  <ItemGroup>
    <Filter Include="Source Files">
      <UniqueIdentifier>{4FC737F1-C7A5-4376-A066-2A32D752A2FF}</UniqueIdentifier>
      <Extensions>cpp;c;cc;cxx;c++;cppm;ixx;def;odl;idl;hpj;bat;asm;asmx</Extensions>
    </Filter>
    <Filter Include="Header Files">
      <UniqueIdentifier>{93995380-89BD-4b04-88EB-625FBE52EBFB}</UniqueIdentifier>
      <Extensions>h;hh;hpp;hxx;h++;hm;inl;inc;ipp;xsd</Extensions>
    </Filter>
    <Filter Include="Resource Files">
      <UniqueIdentifier>{67DA6AB6-F800-4c08-8B7A-83BB121AAD01}</UniqueIdentifier>
      <Extensions>rc;ico;cur;bmp;dlg;rc2;rct;bin;rgs;gif;jpg;jpeg;jpe;resx;tiff;tif;png;wav;mfcribbon-ms</Extensions>
    </Filter>
  </ItemGroup>
  <ItemGroup>
    <ClCompile Include="representation_adjacency_list.cpp">
      <Filter>Source Files</Filter>
    </ClCompile>
    <ClCompile Include="representatio_find_center_of_star_graph.cpp">
      <Filter>Source Files</Filter>
    </ClCompile>
    <ClCompile Include="representation_adjacency_list_class.cpp">
      <Filter>Source Files</Filter>
    </ClCompile>
    <ClCompile Include="representation_Maximal_Network_Rank.cpp">
      <Filter>Source Files</Filter>
    </ClCompile>
    <ClCompile Include="representation_Minimal_Trio_Degree.cpp">
      <Filter>Source Files</Filter>
    </ClCompile>
    <ClCompile Include="BFS_Snakes_and_ladders.cpp">
      <Filter>Source Files</Filter>
    </ClCompile>
    <ClCompile Include="BFS_Messege_Route.cpp">
      <Filter>Source Files</Filter>
    </ClCompile>
    <ClCompile Include="BFS_word_ladder.cpp">
      <Filter>Source Files</Filter>
    </ClCompile>
    <ClCompile Include="BFS_valid_bfs.cpp">
      <Filter>Source Files</Filter>
    </ClCompile>
    <ClCompile Include="DFS_keys_and_rooms.cpp">
      <Filter>Source Files</Filter>
    </ClCompile>
    <ClCompile Include="DFS_largest_island.cpp">
      <Filter>Source Files</Filter>
    </ClCompile>
    <ClCompile Include="DFS_Astronauts_pairs.cpp">
      <Filter>Source Files</Filter>
    </ClCompile>
    <ClCompile Include="DFS_reconstruct_itenrary.cpp">
      <Filter>Source Files</Filter>
    </ClCompile>
    <ClCompile Include="Detect_Cycle_in_undirected_graph.cpp">
      <Filter>Source Files</Filter>
    </ClCompile>
    <ClCompile Include="Detect_cycle_directed_Course Schedule.cpp">
      <Filter>Source Files</Filter>
    </ClCompile>
    <ClCompile Include="Detect_cycle_Is Graph Bipartite.cpp">
      <Filter>Source Files</Filter>
    </ClCompile>
    <ClCompile Include="Detect_Cycle_in_directed_graph.cpp">
      <Filter>Source Files</Filter>
    </ClCompile>
    <ClCompile Include="Detect_an_odd_cycle_length.cpp">
      <Filter>Source Files</Filter>
    </ClCompile>
    <ClCompile Include="Detect_cycle_in_grid.cpp">
      <Filter>Source Files</Filter>
    </ClCompile>
    <ClCompile Include="Detect_cycle_shortest_cycle_undirected.cpp">
      <Filter>Source Files</Filter>
    </ClCompile>
    <ClCompile Include="DAG_All_Paths_From_Source_to_Target.cpp">
      <Filter>Source Files</Filter>
    </ClCompile>
    <ClCompile Include="DAG_course_schedule_2.cpp">
      <Filter>Source Files</Filter>
    </ClCompile>
    <ClCompile Include="DAG_largest_color.cpp">
      <Filter>Source Files</Filter>
    </ClCompile>
    <ClCompile Include="DAG_game_routes.cpp">
      <Filter>Source Files</Filter>
    </ClCompile>
  </ItemGroup>
</Project>